
Microsoft Visual Studio Solution File, Format Version 12.00
# Visual Studio Version 16
VisualStudioVersion = 16.0.30413.136
MinimumVisualStudioVersion = 10.0.40219.1
Project("{FAE04EC0-301F-11D3-BF4B-00C04F79EFBC}") = "AESCrypto2021", "AESCrypto2021\AESCrypto2021.csproj", "{2C5139BE-BA59-4990-BEC5-34F7582FC303}"
EndProject
Global
	GlobalSection(SolutionConfigurationPlatforms) = preSolution
		Debug|Any CPU = Debug|Any CPU
		Release|Any CPU = Release|Any CPU
	EndGlobalSection
	GlobalSection(ProjectConfigurationPlatforms) = postSolution
		{2C5139BE-BA59-4990-BEC5-34F7582FC303}.Debug|Any CPU.ActiveCfg = Debug|Any CPU
		{2C5139BE-BA59-4990-BEC5-34F7582FC303}.Debug|Any CPU.Build.0 = Debug|Any CPU
		{2C5139BE-BA59-4990-BEC5-34F7582FC303}.Release|Any CPU.ActiveCfg = Release|Any CPU
		{2C5139BE-BA59-4990-BEC5-34F7582FC303}.Release|Any CPU.Build.0 = Release|Any CPU
	EndGlobalSection
	GlobalSection(SolutionProperties) = preSolution
		HideSolutionNode = FALSE
	EndGlobalSection
	GlobalSection(ExtensibilityGlobals) = postSolution
		SolutionGuid = {8C93C11C-4DB3-47DA-BAFE-ADFA51878A06}
	EndGlobalSection
EndGlobal
